// !$*UTF8*$!
{
	archiveVersion = 1;
	classes = {
	};
	objectVersion = 51;
	objects = {

/* Begin PBXBuildFile section */
		590ED0282494E39800621837 /* Quote.swift in Sources */ = {isa = PBXBuildFile; fileRef = 590ED0272494E39800621837 /* Quote.swift */; };
		590ED02A2494E46C00621837 /* QuotesContract.swift in Sources */ = {isa = PBXBuildFile; fileRef = 590ED0292494E46C00621837 /* QuotesContract.swift */; };
		590ED02E2494E9A100621837 /* User.swift in Sources */ = {isa = PBXBuildFile; fileRef = 590ED02D2494E9A100621837 /* User.swift */; };
		590ED0302494E9E700621837 /* QuotesService.swift in Sources */ = {isa = PBXBuildFile; fileRef = 590ED02F2494E9E700621837 /* QuotesService.swift */; };
		590ED0322494EA0D00621837 /* DefaultsService.swift in Sources */ = {isa = PBXBuildFile; fileRef = 590ED0312494EA0D00621837 /* DefaultsService.swift */; };
		590ED0342494F29100621837 /* QuoteCell.swift in Sources */ = {isa = PBXBuildFile; fileRef = 590ED0332494F29100621837 /* QuoteCell.swift */; };
		590ED03724951D7500621837 /* UIView+UI.swift in Sources */ = {isa = PBXBuildFile; fileRef = 590ED03624951D7500621837 /* UIView+UI.swift */; };
		5972FBA72494E12F0009B7CC /* QuotesView.swift in Sources */ = {isa = PBXBuildFile; fileRef = 5972FBA62494E12F0009B7CC /* QuotesView.swift */; };
		5972FBA92494E1FA0009B7CC /* QuotesModel.swift in Sources */ = {isa = PBXBuildFile; fileRef = 5972FBA82494E1FA0009B7CC /* QuotesModel.swift */; };
		59C042EC2494DCF4002320C1 /* AppDelegate.swift in Sources */ = {isa = PBXBuildFile; fileRef = 59C042EB2494DCF4002320C1 /* AppDelegate.swift */; };
		59C042EE2494DCF4002320C1 /* SceneDelegate.swift in Sources */ = {isa = PBXBuildFile; fileRef = 59C042ED2494DCF4002320C1 /* SceneDelegate.swift */; };
		59C042F02494DCF4002320C1 /* QuotesViewController.swift in Sources */ = {isa = PBXBuildFile; fileRef = 59C042EF2494DCF4002320C1 /* QuotesViewController.swift */; };
		59C042F52494DCF7002320C1 /* Assets.xcassets in Resources */ = {isa = PBXBuildFile; fileRef = 59C042F42494DCF7002320C1 /* Assets.xcassets */; };
		59C042F82494DCF7002320C1 /* LaunchScreen.storyboard in Resources */ = {isa = PBXBuildFile; fileRef = 59C042F62494DCF7002320C1 /* LaunchScreen.storyboard */; };
		610444D5A074A0B82CC55A31 /* Pods_FavQuotes.framework in Frameworks */ = {isa = PBXBuildFile; fileRef = C3DD745266E9517640A2CCDF /* Pods_FavQuotes.framework */; };
/* End PBXBuildFile section */

/* Begin PBXFileReference section */
		2B1E1C2E19F96A595D4746FE /* Pods-FavQuotes.debug.xcconfig */ = {isa = PBXFileReference; includeInIndex = 1; lastKnownFileType = text.xcconfig; name = "Pods-FavQuotes.debug.xcconfig"; path = "Target Support Files/Pods-FavQuotes/Pods-FavQuotes.debug.xcconfig"; sourceTree = "<group>"; };
		590ED0272494E39800621837 /* Quote.swift */ = {isa = PBXFileReference; lastKnownFileType = sourcecode.swift; path = Quote.swift; sourceTree = "<group>"; };
		590ED0292494E46C00621837 /* QuotesContract.swift */ = {isa = PBXFileReference; lastKnownFileType = sourcecode.swift; path = QuotesContract.swift; sourceTree = "<group>"; };
		590ED02D2494E9A100621837 /* User.swift */ = {isa = PBXFileReference; lastKnownFileType = sourcecode.swift; path = User.swift; sourceTree = "<group>"; };
		590ED02F2494E9E700621837 /* QuotesService.swift */ = {isa = PBXFileReference; lastKnownFileType = sourcecode.swift; path = QuotesService.swift; sourceTree = "<group>"; };
		590ED0312494EA0D00621837 /* DefaultsService.swift */ = {isa = PBXFileReference; lastKnownFileType = sourcecode.swift; path = DefaultsService.swift; sourceTree = "<group>"; };
		590ED0332494F29100621837 /* QuoteCell.swift */ = {isa = PBXFileReference; lastKnownFileType = sourcecode.swift; path = QuoteCell.swift; sourceTree = "<group>"; };
		590ED03624951D7500621837 /* UIView+UI.swift */ = {isa = PBXFileReference; lastKnownFileType = sourcecode.swift; path = "UIView+UI.swift"; sourceTree = "<group>"; };
		5972FBA62494E12F0009B7CC /* QuotesView.swift */ = {isa = PBXFileReference; lastKnownFileType = sourcecode.swift; path = QuotesView.swift; sourceTree = "<group>"; };
		5972FBA82494E1FA0009B7CC /* QuotesModel.swift */ = {isa = PBXFileReference; lastKnownFileType = sourcecode.swift; path = QuotesModel.swift; sourceTree = "<group>"; };
		59C042E82494DCF4002320C1 /* FavQuotes.app */ = {isa = PBXFileReference; explicitFileType = wrapper.application; includeInIndex = 0; path = FavQuotes.app; sourceTree = BUILT_PRODUCTS_DIR; };
		59C042EB2494DCF4002320C1 /* AppDelegate.swift */ = {isa = PBXFileReference; lastKnownFileType = sourcecode.swift; path = AppDelegate.swift; sourceTree = "<group>"; };
		59C042ED2494DCF4002320C1 /* SceneDelegate.swift */ = {isa = PBXFileReference; lastKnownFileType = sourcecode.swift; path = SceneDelegate.swift; sourceTree = "<group>"; };
		59C042EF2494DCF4002320C1 /* QuotesViewController.swift */ = {isa = PBXFileReference; lastKnownFileType = sourcecode.swift; path = QuotesViewController.swift; sourceTree = "<group>"; };
		59C042F42494DCF7002320C1 /* Assets.xcassets */ = {isa = PBXFileReference; lastKnownFileType = folder.assetcatalog; path = Assets.xcassets; sourceTree = "<group>"; };
		59C042F72494DCF7002320C1 /* Base */ = {isa = PBXFileReference; lastKnownFileType = file.storyboard; name = Base; path = Base.lproj/LaunchScreen.storyboard; sourceTree = "<group>"; };
		59C042F92494DCF7002320C1 /* Info.plist */ = {isa = PBXFileReference; lastKnownFileType = text.plist.xml; path = Info.plist; sourceTree = "<group>"; };
		C3DD745266E9517640A2CCDF /* Pods_FavQuotes.framework */ = {isa = PBXFileReference; explicitFileType = wrapper.framework; includeInIndex = 0; path = Pods_FavQuotes.framework; sourceTree = BUILT_PRODUCTS_DIR; };
		C65850A831AF741549462436 /* Pods-FavQuotes.release.xcconfig */ = {isa = PBXFileReference; includeInIndex = 1; lastKnownFileType = text.xcconfig; name = "Pods-FavQuotes.release.xcconfig"; path = "Target Support Files/Pods-FavQuotes/Pods-FavQuotes.release.xcconfig"; sourceTree = "<group>"; };
/* End PBXFileReference section */

/* Begin PBXFrameworksBuildPhase section */
		59C042E52494DCF4002320C1 /* Frameworks */ = {
			isa = PBXFrameworksBuildPhase;
			buildActionMask = 2147483647;
			files = (
				610444D5A074A0B82CC55A31 /* Pods_FavQuotes.framework in Frameworks */,
			);
			runOnlyForDeploymentPostprocessing = 0;
		};
/* End PBXFrameworksBuildPhase section */

/* Begin PBXGroup section */
		590ED02B2494E96500621837 /* Services */ = {
			isa = PBXGroup;
			children = (
				590ED02F2494E9E700621837 /* QuotesService.swift */,
				590ED0312494EA0D00621837 /* DefaultsService.swift */,
			);
			path = Services;
			sourceTree = "<group>";
		};
		590ED02C2494E98E00621837 /* Models */ = {
			isa = PBXGroup;
			children = (
				590ED0272494E39800621837 /* Quote.swift */,
				590ED02D2494E9A100621837 /* User.swift */,
			);
			path = Models;
			sourceTree = "<group>";
		};
		590ED03524951D6000621837 /* Extensions */ = {
			isa = PBXGroup;
			children = (
				590ED03624951D7500621837 /* UIView+UI.swift */,
			);
			path = Extensions;
			sourceTree = "<group>";
		};
		5972FB9F2494DE880009B7CC /* Supporting Files */ = {
			isa = PBXGroup;
			children = (
				59C042F62494DCF7002320C1 /* LaunchScreen.storyboard */,
				59C042F42494DCF7002320C1 /* Assets.xcassets */,
				59C042F92494DCF7002320C1 /* Info.plist */,
			);
			path = "Supporting Files";
			sourceTree = "<group>";
		};
		5972FBA02494DEBE0009B7CC /* App */ = {
			isa = PBXGroup;
			children = (
				59C042EB2494DCF4002320C1 /* AppDelegate.swift */,
				59C042ED2494DCF4002320C1 /* SceneDelegate.swift */,
			);
			path = App;
			sourceTree = "<group>";
		};
		5972FBA12494E0040009B7CC /* Modules */ = {
			isa = PBXGroup;
			children = (
				5972FBA22494E0DC0009B7CC /* Contract */,
				5972FBA32494E0EB0009B7CC /* Model */,
				5972FBA42494E0F70009B7CC /* View */,
				5972FBA52494E0FD0009B7CC /* Controller */,
			);
			path = Modules;
			sourceTree = "<group>";
		};
		5972FBA22494E0DC0009B7CC /* Contract */ = {
			isa = PBXGroup;
			children = (
				590ED0292494E46C00621837 /* QuotesContract.swift */,
			);
			path = Contract;
			sourceTree = "<group>";
		};
		5972FBA32494E0EB0009B7CC /* Model */ = {
			isa = PBXGroup;
			children = (
				5972FBA82494E1FA0009B7CC /* QuotesModel.swift */,
			);
			path = Model;
			sourceTree = "<group>";
		};
		5972FBA42494E0F70009B7CC /* View */ = {
			isa = PBXGroup;
			children = (
				5972FBA62494E12F0009B7CC /* QuotesView.swift */,
				590ED0332494F29100621837 /* QuoteCell.swift */,
			);
			path = View;
			sourceTree = "<group>";
		};
		5972FBA52494E0FD0009B7CC /* Controller */ = {
			isa = PBXGroup;
			children = (
				59C042EF2494DCF4002320C1 /* QuotesViewController.swift */,
			);
			path = Controller;
			sourceTree = "<group>";
		};
		59C042DF2494DCF4002320C1 = {
			isa = PBXGroup;
			children = (
				59C042EA2494DCF4002320C1 /* FavQuotes */,
				59C042E92494DCF4002320C1 /* Products */,
				B0D4DD76204036270EE08528 /* Pods */,
				FDBBCC6A4FC45312A5989C5E /* Frameworks */,
			);
			sourceTree = "<group>";
		};
		59C042E92494DCF4002320C1 /* Products */ = {
			isa = PBXGroup;
			children = (
				59C042E82494DCF4002320C1 /* FavQuotes.app */,
			);
			name = Products;
			sourceTree = "<group>";
		};
		59C042EA2494DCF4002320C1 /* FavQuotes */ = {
			isa = PBXGroup;
			children = (
				590ED03524951D6000621837 /* Extensions */,
				5972FBA02494DEBE0009B7CC /* App */,
				590ED02B2494E96500621837 /* Services */,
				590ED02C2494E98E00621837 /* Models */,
				5972FBA12494E0040009B7CC /* Modules */,
				5972FB9F2494DE880009B7CC /* Supporting Files */,
			);
			path = FavQuotes;
			sourceTree = "<group>";
		};
		B0D4DD76204036270EE08528 /* Pods */ = {
			isa = PBXGroup;
			children = (
				2B1E1C2E19F96A595D4746FE /* Pods-FavQuotes.debug.xcconfig */,
				C65850A831AF741549462436 /* Pods-FavQuotes.release.xcconfig */,
			);
			path = Pods;
			sourceTree = "<group>";
		};
		FDBBCC6A4FC45312A5989C5E /* Frameworks */ = {
			isa = PBXGroup;
			children = (
				C3DD745266E9517640A2CCDF /* Pods_FavQuotes.framework */,
			);
			name = Frameworks;
			sourceTree = "<group>";
		};
/* End PBXGroup section */

/* Begin PBXNativeTarget section */
		59C042E72494DCF4002320C1 /* FavQuotes */ = {
			isa = PBXNativeTarget;
			buildConfigurationList = 59C042FC2494DCF7002320C1 /* Build configuration list for PBXNativeTarget "FavQuotes" */;
			buildPhases = (
				35440D7E71210C897149C053 /* [CP] Check Pods Manifest.lock */,
				59C042E42494DCF4002320C1 /* Sources */,
				59C042E52494DCF4002320C1 /* Frameworks */,
				59C042E62494DCF4002320C1 /* Resources */,
				C3CE3FAFEAD366E7F2476E61 /* [CP] Embed Pods Frameworks */,
			);
			buildRules = (
			);
			dependencies = (
			);
			name = FavQuotes;
			productName = FavQuotes;
			productReference = 59C042E82494DCF4002320C1 /* FavQuotes.app */;
			productType = "com.apple.product-type.application";
		};
/* End PBXNativeTarget section */

/* Begin PBXProject section */
		59C042E02494DCF4002320C1 /* Project object */ = {
			isa = PBXProject;
			attributes = {
				LastSwiftUpdateCheck = 1150;
				LastUpgradeCheck = 1150;
				ORGANIZATIONNAME = Kaww;
				TargetAttributes = {
					59C042E72494DCF4002320C1 = {
						CreatedOnToolsVersion = 11.5;
					};
				};
			};
			buildConfigurationList = 59C042E32494DCF4002320C1 /* Build configuration list for PBXProject "FavQuotes" */;
			compatibilityVersion = "Xcode 9.3";
			developmentRegion = en;
			hasScannedForEncodings = 0;
			knownRegions = (
				en,
				Base,
			);
			mainGroup = 59C042DF2494DCF4002320C1;
			productRefGroup = 59C042E92494DCF4002320C1 /* Products */;
			projectDirPath = "";
			projectRoot = "";
			targets = (
				59C042E72494DCF4002320C1 /* FavQuotes */,
			);
		};
/* End PBXProject section */

/* Begin PBXResourcesBuildPhase section */
		59C042E62494DCF4002320C1 /* Resources */ = {
			isa = PBXResourcesBuildPhase;
			buildActionMask = 2147483647;
			files = (
				59C042F82494DCF7002320C1 /* LaunchScreen.storyboard in Resources */,
				59C042F52494DCF7002320C1 /* Assets.xcassets in Resources */,
			);
			runOnlyForDeploymentPostprocessing = 0;
		};
/* End PBXResourcesBuildPhase section */

/* Begin PBXShellScriptBuildPhase section */
		35440D7E71210C897149C053 /* [CP] Check Pods Manifest.lock */ = {
			isa = PBXShellScriptBuildPhase;
			buildActionMask = 2147483647;
			files = (
			);
			inputFileListPaths = (
			);
			inputPaths = (
				"${PODS_PODFILE_DIR_PATH}/Podfile.lock",
				"${PODS_ROOT}/Manifest.lock",
			);
			name = "[CP] Check Pods Manifest.lock";
			outputFileListPaths = (
			);
			outputPaths = (
				"$(DERIVED_FILE_DIR)/Pods-FavQuotes-checkManifestLockResult.txt",
			);
			runOnlyForDeploymentPostprocessing = 0;
			shellPath = /bin/sh;
			shellScript = "diff \"${PODS_PODFILE_DIR_PATH}/Podfile.lock\" \"${PODS_ROOT}/Manifest.lock\" > /dev/null\nif [ $? != 0 ] ; then\n    # print error to STDERR\n    echo \"error: The sandbox is not in sync with the Podfile.lock. Run 'pod install' or update your CocoaPods installation.\" >&2\n    exit 1\nfi\n# This output is used by Xcode 'outputs' to avoid re-running this script phase.\necho \"SUCCESS\" > \"${SCRIPT_OUTPUT_FILE_0}\"\n";
			showEnvVarsInLog = 0;
		};
		C3CE3FAFEAD366E7F2476E61 /* [CP] Embed Pods Frameworks */ = {
			isa = PBXShellScriptBuildPhase;
			buildActionMask = 2147483647;
			files = (
			);
			inputFileListPaths = (
				"${PODS_ROOT}/Target Support Files/Pods-FavQuotes/Pods-FavQuotes-frameworks-${CONFIGURATION}-input-files.xcfilelist",
			);
			name = "[CP] Embed Pods Frameworks";
			outputFileListPaths = (
				"${PODS_ROOT}/Target Support Files/Pods-FavQuotes/Pods-FavQuotes-frameworks-${CONFIGURATION}-output-files.xcfilelist",
			);
			runOnlyForDeploymentPostprocessing = 0;
			shellPath = /bin/sh;
			shellScript = "\"${PODS_ROOT}/Target Support Files/Pods-FavQuotes/Pods-FavQuotes-frameworks.sh\"\n";
			showEnvVarsInLog = 0;
		};
/* End PBXShellScriptBuildPhase section */

/* Begin PBXSourcesBuildPhase section */
		59C042E42494DCF4002320C1 /* Sources */ = {
			isa = PBXSourcesBuildPhase;
			buildActionMask = 2147483647;
			files = (
				59C042F02494DCF4002320C1 /* QuotesViewController.swift in Sources */,
				590ED0322494EA0D00621837 /* DefaultsService.swift in Sources */,
				5972FBA72494E12F0009B7CC /* QuotesView.swift in Sources */,
				590ED02E2494E9A100621837 /* User.swift in Sources */,
				590ED0342494F29100621837 /* QuoteCell.swift in Sources */,
				590ED02A2494E46C00621837 /* QuotesContract.swift in Sources */,
				5972FBA92494E1FA0009B7CC /* QuotesModel.swift in Sources */,
				59C042EC2494DCF4002320C1 /* AppDelegate.swift in Sources */,
				590ED03724951D7500621837 /* UIView+UI.swift in Sources */,
				590ED0282494E39800621837 /* Quote.swift in Sources */,
				590ED0302494E9E700621837 /* QuotesService.swift in Sources */,
				59C042EE2494DCF4002320C1 /* SceneDelegate.swift in Sources */,
			);
			runOnlyForDeploymentPostprocessing = 0;
		};
/* End PBXSourcesBuildPhase section */

/* Begin PBXVariantGroup section */
		59C042F62494DCF7002320C1 /* LaunchScreen.storyboard */ = {
			isa = PBXVariantGroup;
			children = (
				59C042F72494DCF7002320C1 /* Base */,
			);
			name = LaunchScreen.storyboard;
			sourceTree = "<group>";
		};
/* End PBXVariantGroup section */

/* Begin XCBuildConfiguration section */
		59C042FA2494DCF7002320C1 /* Debug */ = {
			isa = XCBuildConfiguration;
			buildSettings = {
				ALWAYS_SEARCH_USER_PATHS = NO;
				CLANG_ANALYZER_NONNULL = YES;
				CLANG_ANALYZER_NUMBER_OBJECT_CONVERSION = YES_AGGRESSIVE;
				CLANG_CXX_LANGUAGE_STANDARD = "gnu++14";
				CLANG_CXX_LIBRARY = "libc++";
				CLANG_ENABLE_MODULES = YES;
				CLANG_ENABLE_OBJC_ARC = YES;
				CLANG_ENABLE_OBJC_WEAK = YES;
				CLANG_WARN_BLOCK_CAPTURE_AUTORELEASING = YES;
				CLANG_WARN_BOOL_CONVERSION = YES;
				CLANG_WARN_COMMA = YES;
				CLANG_WARN_CONSTANT_CONVERSION = YES;
				CLANG_WARN_DEPRECATED_OBJC_IMPLEMENTATIONS = YES;
				CLANG_WARN_DIRECT_OBJC_ISA_USAGE = YES_ERROR;
				CLANG_WARN_DOCUMENTATION_COMMENTS = YES;
				CLANG_WARN_EMPTY_BODY = YES;
				CLANG_WARN_ENUM_CONVERSION = YES;
				CLANG_WARN_INFINITE_RECURSION = YES;
				CLANG_WARN_INT_CONVERSION = YES;
				CLANG_WARN_NON_LITERAL_NULL_CONVERSION = YES;
				CLANG_WARN_OBJC_IMPLICIT_RETAIN_SELF = YES;
				CLANG_WARN_OBJC_LITERAL_CONVERSION = YES;
				CLANG_WARN_OBJC_ROOT_CLASS = YES_ERROR;
				CLANG_WARN_RANGE_LOOP_ANALYSIS = YES;
				CLANG_WARN_STRICT_PROTOTYPES = YES;
				CLANG_WARN_SUSPICIOUS_MOVE = YES;
				CLANG_WARN_UNGUARDED_AVAILABILITY = YES_AGGRESSIVE;
				CLANG_WARN_UNREACHABLE_CODE = YES;
				CLANG_WARN__DUPLICATE_METHOD_MATCH = YES;
				COPY_PHASE_STRIP = NO;
				DEBUG_INFORMATION_FORMAT = dwarf;
				ENABLE_STRICT_OBJC_MSGSEND = YES;
				ENABLE_TESTABILITY = YES;
				GCC_C_LANGUAGE_STANDARD = gnu11;
				GCC_DYNAMIC_NO_PIC = NO;
				GCC_NO_COMMON_BLOCKS = YES;
				GCC_OPTIMIZATION_LEVEL = 0;
				GCC_PREPROCESSOR_DEFINITIONS = (
					"DEBUG=1",
					"$(inherited)",
				);
				GCC_WARN_64_TO_32_BIT_CONVERSION = YES;
				GCC_WARN_ABOUT_RETURN_TYPE = YES_ERROR;
				GCC_WARN_UNDECLARED_SELECTOR = YES;
				GCC_WARN_UNINITIALIZED_AUTOS = YES_AGGRESSIVE;
				GCC_WARN_UNUSED_FUNCTION = YES;
				GCC_WARN_UNUSED_VARIABLE = YES;
				IPHONEOS_DEPLOYMENT_TARGET = 13.5;
				MTL_ENABLE_DEBUG_INFO = INCLUDE_SOURCE;
				MTL_FAST_MATH = YES;
				ONLY_ACTIVE_ARCH = YES;
				SDKROOT = iphoneos;
				SWIFT_ACTIVE_COMPILATION_CONDITIONS = DEBUG;
				SWIFT_OPTIMIZATION_LEVEL = "-Onone";
			};
			name = Debug;
		};
		59C042FB2494DCF7002320C1 /* Release */ = {
			isa = XCBuildConfiguration;
			buildSettings = {
				ALWAYS_SEARCH_USER_PATHS = NO;
				CLANG_ANALYZER_NONNULL = YES;
				CLANG_ANALYZER_NUMBER_OBJECT_CONVERSION = YES_AGGRESSIVE;
				CLANG_CXX_LANGUAGE_STANDARD = "gnu++14";
				CLANG_CXX_LIBRARY = "libc++";
				CLANG_ENABLE_MODULES = YES;
				CLANG_ENABLE_OBJC_ARC = YES;
				CLANG_ENABLE_OBJC_WEAK = YES;
				CLANG_WARN_BLOCK_CAPTURE_AUTORELEASING = YES;
				CLANG_WARN_BOOL_CONVERSION = YES;
				CLANG_WARN_COMMA = YES;
				CLANG_WARN_CONSTANT_CONVERSION = YES;
				CLANG_WARN_DEPRECATED_OBJC_IMPLEMENTATIONS = YES;
				CLANG_WARN_DIRECT_OBJC_ISA_USAGE = YES_ERROR;
				CLANG_WARN_DOCUMENTATION_COMMENTS = YES;
				CLANG_WARN_EMPTY_BODY = YES;
				CLANG_WARN_ENUM_CONVERSION = YES;
				CLANG_WARN_INFINITE_RECURSION = YES;
				CLANG_WARN_INT_CONVERSION = YES;
				CLANG_WARN_NON_LITERAL_NULL_CONVERSION = YES;
				CLANG_WARN_OBJC_IMPLICIT_RETAIN_SELF = YES;
				CLANG_WARN_OBJC_LITERAL_CONVERSION = YES;
				CLANG_WARN_OBJC_ROOT_CLASS = YES_ERROR;
				CLANG_WARN_RANGE_LOOP_ANALYSIS = YES;
				CLANG_WARN_STRICT_PROTOTYPES = YES;
				CLANG_WARN_SUSPICIOUS_MOVE = YES;
				CLANG_WARN_UNGUARDED_AVAILABILITY = YES_AGGRESSIVE;
				CLANG_WARN_UNREACHABLE_CODE = YES;
				CLANG_WARN__DUPLICATE_METHOD_MATCH = YES;
				COPY_PHASE_STRIP = NO;
				DEBUG_INFORMATION_FORMAT = "dwarf-with-dsym";
				ENABLE_NS_ASSERTIONS = NO;
				ENABLE_STRICT_OBJC_MSGSEND = YES;
				GCC_C_LANGUAGE_STANDARD = gnu11;
				GCC_NO_COMMON_BLOCKS = YES;
				GCC_WARN_64_TO_32_BIT_CONVERSION = YES;
				GCC_WARN_ABOUT_RETURN_TYPE = YES_ERROR;
				GCC_WARN_UNDECLARED_SELECTOR = YES;
				GCC_WARN_UNINITIALIZED_AUTOS = YES_AGGRESSIVE;
				GCC_WARN_UNUSED_FUNCTION = YES;
				GCC_WARN_UNUSED_VARIABLE = YES;
				IPHONEOS_DEPLOYMENT_TARGET = 13.5;
				MTL_ENABLE_DEBUG_INFO = NO;
				MTL_FAST_MATH = YES;
				SDKROOT = iphoneos;
				SWIFT_COMPILATION_MODE = wholemodule;
				SWIFT_OPTIMIZATION_LEVEL = "-O";
				VALIDATE_PRODUCT = YES;
			};
			name = Release;
		};
		59C042FD2494DCF7002320C1 /* Debug */ = {
			isa = XCBuildConfiguration;
			baseConfigurationReference = 2B1E1C2E19F96A595D4746FE /* Pods-FavQuotes.debug.xcconfig */;
			buildSettings = {
				ASSETCATALOG_COMPILER_APPICON_NAME = AppIcon;
				CODE_SIGN_STYLE = Automatic;
				DEVELOPMENT_TEAM = 89EXPD2XDP;
				INFOPLIST_FILE = "FavQuotes/Supporting Files/Info.plist";
				IPHONEOS_DEPLOYMENT_TARGET = 12.0;
				LD_RUNPATH_SEARCH_PATHS = (
					"$(inherited)",
					"@executable_path/Frameworks",
				);
				PRODUCT_BUNDLE_IDENTIFIER = com.Kaww.FavQuotes;
				PRODUCT_NAME = "$(TARGET_NAME)";
				SWIFT_VERSION = 5.0;
				TARGETED_DEVICE_FAMILY = 1;
			};
			name = Debug;
		};
		59C042FE2494DCF7002320C1 /* Release */ = {
			isa = XCBuildConfiguration;
			baseConfigurationReference = C65850A831AF741549462436 /* Pods-FavQuotes.release.xcconfig */;
			buildSettings = {
				ASSETCATALOG_COMPILER_APPICON_NAME = AppIcon;
				CODE_SIGN_STYLE = Automatic;
				DEVELOPMENT_TEAM = 89EXPD2XDP;
				INFOPLIST_FILE = "FavQuotes/Supporting Files/Info.plist";
				IPHONEOS_DEPLOYMENT_TARGET = 12.0;
				LD_RUNPATH_SEARCH_PATHS = (
					"$(inherited)",
					"@executable_path/Frameworks",
				);
				PRODUCT_BUNDLE_IDENTIFIER = com.Kaww.FavQuotes;
				PRODUCT_NAME = "$(TARGET_NAME)";
				SWIFT_VERSION = 5.0;
				TARGETED_DEVICE_FAMILY = 1;
			};
			name = Release;
		};
/* End XCBuildConfiguration section */

/* Begin XCConfigurationList section */
		59C042E32494DCF4002320C1 /* Build configuration list for PBXProject "FavQuotes" */ = {
			isa = XCConfigurationList;
			buildConfigurations = (
				59C042FA2494DCF7002320C1 /* Debug */,
				59C042FB2494DCF7002320C1 /* Release */,
			);
			defaultConfigurationIsVisible = 0;
			defaultConfigurationName = Release;
		};
		59C042FC2494DCF7002320C1 /* Build configuration list for PBXNativeTarget "FavQuotes" */ = {
			isa = XCConfigurationList;
			buildConfigurations = (
				59C042FD2494DCF7002320C1 /* Debug */,
				59C042FE2494DCF7002320C1 /* Release */,
			);
			defaultConfigurationIsVisible = 0;
			defaultConfigurationName = Release;
		};
/* End XCConfigurationList section */
	};
	rootObject = 59C042E02494DCF4002320C1 /* Project object */;
}
